// !$*UTF8*$!
{
	archiveVersion = 1;
	classes = {
	};
	objectVersion = 50;
	objects = {

/* Begin PBXBuildFile section */
		9D0648D825C55015005024AD /* AppDelegate.swift in Sources */ = {isa = PBXBuildFile; fileRef = 9D0648D725C55015005024AD /* AppDelegate.swift */; };
		9D0648DA25C55015005024AD /* SceneDelegate.swift in Sources */ = {isa = PBXBuildFile; fileRef = 9D0648D925C55015005024AD /* SceneDelegate.swift */; };
		9D0648DC25C55015005024AD /* ViewController.swift in Sources */ = {isa = PBXBuildFile; fileRef = 9D0648DB25C55015005024AD /* ViewController.swift */; };
		9D0648DF25C55015005024AD /* Main.storyboard in Resources */ = {isa = PBXBuildFile; fileRef = 9D0648DD25C55015005024AD /* Main.storyboard */; };
		9D0648E125C55018005024AD /* Assets.xcassets in Resources */ = {isa = PBXBuildFile; fileRef = 9D0648E025C55018005024AD /* Assets.xcassets */; };
		9D0648E425C55018005024AD /* LaunchScreen.storyboard in Resources */ = {isa = PBXBuildFile; fileRef = 9D0648E225C55018005024AD /* LaunchScreen.storyboard */; };
		9D0648EF25C55019005024AD /* SwiftCheckFirstTests.swift in Sources */ = {isa = PBXBuildFile; fileRef = 9D0648EE25C55019005024AD /* SwiftCheckFirstTests.swift */; };
		9D0648FA25C55019005024AD /* SwiftCheckFirstUITests.swift in Sources */ = {isa = PBXBuildFile; fileRef = 9D0648F925C55019005024AD /* SwiftCheckFirstUITests.swift */; };
/* End PBXBuildFile section */

/* Begin PBXContainerItemProxy section */
		9D0648EB25C55019005024AD /* PBXContainerItemProxy */ = {
			isa = PBXContainerItemProxy;
			containerPortal = 9D0648CC25C55015005024AD /* Project object */;
			proxyType = 1;
			remoteGlobalIDString = 9D0648D325C55015005024AD;
			remoteInfo = SwiftCheckFirst;
		};
		9D0648F625C55019005024AD /* PBXContainerItemProxy */ = {
			isa = PBXContainerItemProxy;
			containerPortal = 9D0648CC25C55015005024AD /* Project object */;
			proxyType = 1;
			remoteGlobalIDString = 9D0648D325C55015005024AD;
			remoteInfo = SwiftCheckFirst;
		};
/* End PBXContainerItemProxy section */

/* Begin PBXFileReference section */
		9D0648D425C55015005024AD /* SwiftCheckFirst.app */ = {isa = PBXFileReference; explicitFileType = wrapper.application; includeInIndex = 0; path = SwiftCheckFirst.app; sourceTree = BUILT_PRODUCTS_DIR; };
		9D0648D725C55015005024AD /* AppDelegate.swift */ = {isa = PBXFileReference; lastKnownFileType = sourcecode.swift; path = AppDelegate.swift; sourceTree = "<group>"; };
		9D0648D925C55015005024AD /* SceneDelegate.swift */ = {isa = PBXFileReference; lastKnownFileType = sourcecode.swift; path = SceneDelegate.swift; sourceTree = "<group>"; };
		9D0648DB25C55015005024AD /* ViewController.swift */ = {isa = PBXFileReference; lastKnownFileType = sourcecode.swift; path = ViewController.swift; sourceTree = "<group>"; };
		9D0648DE25C55015005024AD /* Base */ = {isa = PBXFileReference; lastKnownFileType = file.storyboard; name = Base; path = Base.lproj/Main.storyboard; sourceTree = "<group>"; };
		9D0648E025C55018005024AD /* Assets.xcassets */ = {isa = PBXFileReference; lastKnownFileType = folder.assetcatalog; path = Assets.xcassets; sourceTree = "<group>"; };
		9D0648E325C55018005024AD /* Base */ = {isa = PBXFileReference; lastKnownFileType = file.storyboard; name = Base; path = Base.lproj/LaunchScreen.storyboard; sourceTree = "<group>"; };
		9D0648E525C55018005024AD /* Info.plist */ = {isa = PBXFileReference; lastKnownFileType = text.plist.xml; path = Info.plist; sourceTree = "<group>"; };
		9D0648EA25C55019005024AD /* SwiftCheckFirstTests.xctest */ = {isa = PBXFileReference; explicitFileType = wrapper.cfbundle; includeInIndex = 0; path = SwiftCheckFirstTests.xctest; sourceTree = BUILT_PRODUCTS_DIR; };
		9D0648EE25C55019005024AD /* SwiftCheckFirstTests.swift */ = {isa = PBXFileReference; lastKnownFileType = sourcecode.swift; path = SwiftCheckFirstTests.swift; sourceTree = "<group>"; };
		9D0648F025C55019005024AD /* Info.plist */ = {isa = PBXFileReference; lastKnownFileType = text.plist.xml; path = Info.plist; sourceTree = "<group>"; };
		9D0648F525C55019005024AD /* SwiftCheckFirstUITests.xctest */ = {isa = PBXFileReference; explicitFileType = wrapper.cfbundle; includeInIndex = 0; path = SwiftCheckFirstUITests.xctest; sourceTree = BUILT_PRODUCTS_DIR; };
		9D0648F925C55019005024AD /* SwiftCheckFirstUITests.swift */ = {isa = PBXFileReference; lastKnownFileType = sourcecode.swift; path = SwiftCheckFirstUITests.swift; sourceTree = "<group>"; };
		9D0648FB25C55019005024AD /* Info.plist */ = {isa = PBXFileReference; lastKnownFileType = text.plist.xml; path = Info.plist; sourceTree = "<group>"; };
/* End PBXFileReference section */

/* Begin PBXFrameworksBuildPhase section */
		9D0648D125C55015005024AD /* Frameworks */ = {
			isa = PBXFrameworksBuildPhase;
			buildActionMask = 2147483647;
			files = (
			);
			runOnlyForDeploymentPostprocessing = 0;
		};
		9D0648E725C55019005024AD /* Frameworks */ = {
			isa = PBXFrameworksBuildPhase;
			buildActionMask = 2147483647;
			files = (
			);
			runOnlyForDeploymentPostprocessing = 0;
		};
		9D0648F225C55019005024AD /* Frameworks */ = {
			isa = PBXFrameworksBuildPhase;
			buildActionMask = 2147483647;
			files = (
			);
			runOnlyForDeploymentPostprocessing = 0;
		};
/* End PBXFrameworksBuildPhase section */

/* Begin PBXGroup section */
		9D0648CB25C55015005024AD = {
			isa = PBXGroup;
			children = (
				9D0648D625C55015005024AD /* SwiftCheckFirst */,
				9D0648ED25C55019005024AD /* SwiftCheckFirstTests */,
				9D0648F825C55019005024AD /* SwiftCheckFirstUITests */,
				9D0648D525C55015005024AD /* Products */,
			);
			sourceTree = "<group>";
		};
		9D0648D525C55015005024AD /* Products */ = {
			isa = PBXGroup;
			children = (
				9D0648D425C55015005024AD /* SwiftCheckFirst.app */,
				9D0648EA25C55019005024AD /* SwiftCheckFirstTests.xctest */,
				9D0648F525C55019005024AD /* SwiftCheckFirstUITests.xctest */,
			);
			name = Products;
			sourceTree = "<group>";
		};
		9D0648D625C55015005024AD /* SwiftCheckFirst */ = {
			isa = PBXGroup;
			children = (
				9D0648D725C55015005024AD /* AppDelegate.swift */,
				9D0648D925C55015005024AD /* SceneDelegate.swift */,
				9D0648DB25C55015005024AD /* ViewController.swift */,
				9D0648DD25C55015005024AD /* Main.storyboard */,
				9D0648E025C55018005024AD /* Assets.xcassets */,
				9D0648E225C55018005024AD /* LaunchScreen.storyboard */,
				9D0648E525C55018005024AD /* Info.plist */,
			);
			path = SwiftCheckFirst;
			sourceTree = "<group>";
		};
		9D0648ED25C55019005024AD /* SwiftCheckFirstTests */ = {
			isa = PBXGroup;
			children = (
				9D0648EE25C55019005024AD /* SwiftCheckFirstTests.swift */,
				9D0648F025C55019005024AD /* Info.plist */,
			);
			path = SwiftCheckFirstTests;
			sourceTree = "<group>";
		};
		9D0648F825C55019005024AD /* SwiftCheckFirstUITests */ = {
			isa = PBXGroup;
			children = (
				9D0648F925C55019005024AD /* SwiftCheckFirstUITests.swift */,
				9D0648FB25C55019005024AD /* Info.plist */,
			);
			path = SwiftCheckFirstUITests;
			sourceTree = "<group>";
		};
/* End PBXGroup section */

/* Begin PBXNativeTarget section */
		9D0648D325C55015005024AD /* SwiftCheckFirst */ = {
			isa = PBXNativeTarget;
			buildConfigurationList = 9D0648FE25C55019005024AD /* Build configuration list for PBXNativeTarget "SwiftCheckFirst" */;
			buildPhases = (
				9D0648D025C55015005024AD /* Sources */,
				9D0648D125C55015005024AD /* Frameworks */,
				9D0648D225C55015005024AD /* Resources */,
			);
			buildRules = (
			);
			dependencies = (
			);
			name = SwiftCheckFirst;
			productName = SwiftCheckFirst;
			productReference = 9D0648D425C55015005024AD /* SwiftCheckFirst.app */;
			productType = "com.apple.product-type.application";
		};
		9D0648E925C55019005024AD /* SwiftCheckFirstTests */ = {
			isa = PBXNativeTarget;
			buildConfigurationList = 9D06490125C55019005024AD /* Build configuration list for PBXNativeTarget "SwiftCheckFirstTests" */;
			buildPhases = (
				9D0648E625C55019005024AD /* Sources */,
				9D0648E725C55019005024AD /* Frameworks */,
				9D0648E825C55019005024AD /* Resources */,
			);
			buildRules = (
			);
			dependencies = (
				9D0648EC25C55019005024AD /* PBXTargetDependency */,
			);
			name = SwiftCheckFirstTests;
			productName = SwiftCheckFirstTests;
			productReference = 9D0648EA25C55019005024AD /* SwiftCheckFirstTests.xctest */;
			productType = "com.apple.product-type.bundle.unit-test";
		};
		9D0648F425C55019005024AD /* SwiftCheckFirstUITests */ = {
			isa = PBXNativeTarget;
			buildConfigurationList = 9D06490425C55019005024AD /* Build configuration list for PBXNativeTarget "SwiftCheckFirstUITests" */;
			buildPhases = (
				9D0648F125C55019005024AD /* Sources */,
				9D0648F225C55019005024AD /* Frameworks */,
				9D0648F325C55019005024AD /* Resources */,
			);
			buildRules = (
			);
			dependencies = (
				9D0648F725C55019005024AD /* PBXTargetDependency */,
			);
			name = SwiftCheckFirstUITests;
			productName = SwiftCheckFirstUITests;
			productReference = 9D0648F525C55019005024AD /* SwiftCheckFirstUITests.xctest */;
			productType = "com.apple.product-type.bundle.ui-testing";
		};
/* End PBXNativeTarget section */

/* Begin PBXProject section */
		9D0648CC25C55015005024AD /* Project object */ = {
			isa = PBXProject;
			attributes = {
				LastSwiftUpdateCheck = 1130;
				LastUpgradeCheck = 1130;
				ORGANIZATIONNAME = Admin;
				TargetAttributes = {
					9D0648D325C55015005024AD = {
						CreatedOnToolsVersion = 11.3.1;
					};
					9D0648E925C55019005024AD = {
						CreatedOnToolsVersion = 11.3.1;
						TestTargetID = 9D0648D325C55015005024AD;
					};
					9D0648F425C55019005024AD = {
						CreatedOnToolsVersion = 11.3.1;
						TestTargetID = 9D0648D325C55015005024AD;
					};
				};
			};
			buildConfigurationList = 9D0648CF25C55015005024AD /* Build configuration list for PBXProject "SwiftCheckFirst" */;
			compatibilityVersion = "Xcode 9.3";
			developmentRegion = en;
			hasScannedForEncodings = 0;
			knownRegions = (
				en,
				Base,
			);
			mainGroup = 9D0648CB25C55015005024AD;
			productRefGroup = 9D0648D525C55015005024AD /* Products */;
			projectDirPath = "";
			projectRoot = "";
			targets = (
				9D0648D325C55015005024AD /* SwiftCheckFirst */,
				9D0648E925C55019005024AD /* SwiftCheckFirstTests */,
				9D0648F425C55019005024AD /* SwiftCheckFirstUITests */,
			);
		};
/* End PBXProject section */

/* Begin PBXResourcesBuildPhase section */
		9D0648D225C55015005024AD /* Resources */ = {
			isa = PBXResourcesBuildPhase;
			buildActionMask = 2147483647;
			files = (
				9D0648E425C55018005024AD /* LaunchScreen.storyboard in Resources */,
				9D0648E125C55018005024AD /* Assets.xcassets in Resources */,
				9D0648DF25C55015005024AD /* Main.storyboard in Resources */,
			);
			runOnlyForDeploymentPostprocessing = 0;
		};
		9D0648E825C55019005024AD /* Resources */ = {
			isa = PBXResourcesBuildPhase;
			buildActionMask = 2147483647;
			files = (
			);
			runOnlyForDeploymentPostprocessing = 0;
		};
		9D0648F325C55019005024AD /* Resources */ = {
			isa = PBXResourcesBuildPhase;
			buildActionMask = 2147483647;
			files = (
			);
			runOnlyForDeploymentPostprocessing = 0;
		};
/* End PBXResourcesBuildPhase section */

/* Begin PBXSourcesBuildPhase section */
		9D0648D025C55015005024AD /* Sources */ = {
			isa = PBXSourcesBuildPhase;
			buildActionMask = 2147483647;
			files = (
				9D0648DC25C55015005024AD /* ViewController.swift in Sources */,
				9D0648D825C55015005024AD /* AppDelegate.swift in Sources */,
				9D0648DA25C55015005024AD /* SceneDelegate.swift in Sources */,
			);
			runOnlyForDeploymentPostprocessing = 0;
		};
		9D0648E625C55019005024AD /* Sources */ = {
			isa = PBXSourcesBuildPhase;
			buildActionMask = 2147483647;
			files = (
				9D0648EF25C55019005024AD /* SwiftCheckFirstTests.swift in Sources */,
			);
			runOnlyForDeploymentPostprocessing = 0;
		};
		9D0648F125C55019005024AD /* Sources */ = {
			isa = PBXSourcesBuildPhase;
			buildActionMask = 2147483647;
			files = (
				9D0648FA25C55019005024AD /* SwiftCheckFirstUITests.swift in Sources */,
			);
			runOnlyForDeploymentPostprocessing = 0;
		};
/* End PBXSourcesBuildPhase section */

/* Begin PBXTargetDependency section */
		9D0648EC25C55019005024AD /* PBXTargetDependency */ = {
			isa = PBXTargetDependency;
			target = 9D0648D325C55015005024AD /* SwiftCheckFirst */;
			targetProxy = 9D0648EB25C55019005024AD /* PBXContainerItemProxy */;
		};
		9D0648F725C55019005024AD /* PBXTargetDependency */ = {
			isa = PBXTargetDependency;
			target = 9D0648D325C55015005024AD /* SwiftCheckFirst */;
			targetProxy = 9D0648F625C55019005024AD /* PBXContainerItemProxy */;
		};
/* End PBXTargetDependency section */

/* Begin PBXVariantGroup section */
		9D0648DD25C55015005024AD /* Main.storyboard */ = {
			isa = PBXVariantGroup;
			children = (
				9D0648DE25C55015005024AD /* Base */,
			);
			name = Main.storyboard;
			sourceTree = "<group>";
		};
		9D0648E225C55018005024AD /* LaunchScreen.storyboard */ = {
			isa = PBXVariantGroup;
			children = (
				9D0648E325C55018005024AD /* Base */,
			);
			name = LaunchScreen.storyboard;
			sourceTree = "<group>";
		};
/* End PBXVariantGroup section */

/* Begin XCBuildConfiguration section */
		9D0648FC25C55019005024AD /* Debug */ = {
			isa = XCBuildConfiguration;
			buildSettings = {
				ALWAYS_SEARCH_USER_PATHS = NO;
				CLANG_ANALYZER_NONNULL = YES;
				CLANG_ANALYZER_NUMBER_OBJECT_CONVERSION = YES_AGGRESSIVE;
				CLANG_CXX_LANGUAGE_STANDARD = "gnu++14";
				CLANG_CXX_LIBRARY = "libc++";
				CLANG_ENABLE_MODULES = YES;
				CLANG_ENABLE_OBJC_ARC = YES;
				CLANG_ENABLE_OBJC_WEAK = YES;
				CLANG_WARN_BLOCK_CAPTURE_AUTORELEASING = YES;
				CLANG_WARN_BOOL_CONVERSION = YES;
				CLANG_WARN_COMMA = YES;
				CLANG_WARN_CONSTANT_CONVERSION = YES;
				CLANG_WARN_DEPRECATED_OBJC_IMPLEMENTATIONS = YES;
				CLANG_WARN_DIRECT_OBJC_ISA_USAGE = YES_ERROR;
				CLANG_WARN_DOCUMENTATION_COMMENTS = YES;
				CLANG_WARN_EMPTY_BODY = YES;
				CLANG_WARN_ENUM_CONVERSION = YES;
				CLANG_WARN_INFINITE_RECURSION = YES;
				CLANG_WARN_INT_CONVERSION = YES;
				CLANG_WARN_NON_LITERAL_NULL_CONVERSION = YES;
				CLANG_WARN_OBJC_IMPLICIT_RETAIN_SELF = YES;
				CLANG_WARN_OBJC_LITERAL_CONVERSION = YES;
				CLANG_WARN_OBJC_ROOT_CLASS = YES_ERROR;
				CLANG_WARN_RANGE_LOOP_ANALYSIS = YES;
				CLANG_WARN_STRICT_PROTOTYPES = YES;
				CLANG_WARN_SUSPICIOUS_MOVE = YES;
				CLANG_WARN_UNGUARDED_AVAILABILITY = YES_AGGRESSIVE;
				CLANG_WARN_UNREACHABLE_CODE = YES;
				CLANG_WARN__DUPLICATE_METHOD_MATCH = YES;
				COPY_PHASE_STRIP = NO;
				DEBUG_INFORMATION_FORMAT = dwarf;
				ENABLE_STRICT_OBJC_MSGSEND = YES;
				ENABLE_TESTABILITY = YES;
				GCC_C_LANGUAGE_STANDARD = gnu11;
				GCC_DYNAMIC_NO_PIC = NO;
				GCC_NO_COMMON_BLOCKS = YES;
				GCC_OPTIMIZATION_LEVEL = 0;
				GCC_PREPROCESSOR_DEFINITIONS = (
					"DEBUG=1",
					"$(inherited)",
				);
				GCC_WARN_64_TO_32_BIT_CONVERSION = YES;
				GCC_WARN_ABOUT_RETURN_TYPE = YES_ERROR;
				GCC_WARN_UNDECLARED_SELECTOR = YES;
				GCC_WARN_UNINITIALIZED_AUTOS = YES_AGGRESSIVE;
				GCC_WARN_UNUSED_FUNCTION = YES;
				GCC_WARN_UNUSED_VARIABLE = YES;
				IPHONEOS_DEPLOYMENT_TARGET = 13.2;
				MTL_ENABLE_DEBUG_INFO = INCLUDE_SOURCE;
				MTL_FAST_MATH = YES;
				ONLY_ACTIVE_ARCH = YES;
				SDKROOT = iphoneos;
				SWIFT_ACTIVE_COMPILATION_CONDITIONS = DEBUG;
				SWIFT_OPTIMIZATION_LEVEL = "-Onone";
			};
			name = Debug;
		};
		9D0648FD25C55019005024AD /* Release */ = {
			isa = XCBuildConfiguration;
			buildSettings = {
				ALWAYS_SEARCH_USER_PATHS = NO;
				CLANG_ANALYZER_NONNULL = YES;
				CLANG_ANALYZER_NUMBER_OBJECT_CONVERSION = YES_AGGRESSIVE;
				CLANG_CXX_LANGUAGE_STANDARD = "gnu++14";
				CLANG_CXX_LIBRARY = "libc++";
				CLANG_ENABLE_MODULES = YES;
				CLANG_ENABLE_OBJC_ARC = YES;
				CLANG_ENABLE_OBJC_WEAK = YES;
				CLANG_WARN_BLOCK_CAPTURE_AUTORELEASING = YES;
				CLANG_WARN_BOOL_CONVERSION = YES;
				CLANG_WARN_COMMA = YES;
				CLANG_WARN_CONSTANT_CONVERSION = YES;
				CLANG_WARN_DEPRECATED_OBJC_IMPLEMENTATIONS = YES;
				CLANG_WARN_DIRECT_OBJC_ISA_USAGE = YES_ERROR;
				CLANG_WARN_DOCUMENTATION_COMMENTS = YES;
				CLANG_WARN_EMPTY_BODY = YES;
				CLANG_WARN_ENUM_CONVERSION = YES;
				CLANG_WARN_INFINITE_RECURSION = YES;
				CLANG_WARN_INT_CONVERSION = YES;
				CLANG_WARN_NON_LITERAL_NULL_CONVERSION = YES;
				CLANG_WARN_OBJC_IMPLICIT_RETAIN_SELF = YES;
				CLANG_WARN_OBJC_LITERAL_CONVERSION = YES;
				CLANG_WARN_OBJC_ROOT_CLASS = YES_ERROR;
				CLANG_WARN_RANGE_LOOP_ANALYSIS = YES;
				CLANG_WARN_STRICT_PROTOTYPES = YES;
				CLANG_WARN_SUSPICIOUS_MOVE = YES;
				CLANG_WARN_UNGUARDED_AVAILABILITY = YES_AGGRESSIVE;
				CLANG_WARN_UNREACHABLE_CODE = YES;
				CLANG_WARN__DUPLICATE_METHOD_MATCH = YES;
				COPY_PHASE_STRIP = NO;
				DEBUG_INFORMATION_FORMAT = "dwarf-with-dsym";
				ENABLE_NS_ASSERTIONS = NO;
				ENABLE_STRICT_OBJC_MSGSEND = YES;
				GCC_C_LANGUAGE_STANDARD = gnu11;
				GCC_NO_COMMON_BLOCKS = YES;
				GCC_WARN_64_TO_32_BIT_CONVERSION = YES;
				GCC_WARN_ABOUT_RETURN_TYPE = YES_ERROR;
				GCC_WARN_UNDECLARED_SELECTOR = YES;
				GCC_WARN_UNINITIALIZED_AUTOS = YES_AGGRESSIVE;
				GCC_WARN_UNUSED_FUNCTION = YES;
				GCC_WARN_UNUSED_VARIABLE = YES;
				IPHONEOS_DEPLOYMENT_TARGET = 13.2;
				MTL_ENABLE_DEBUG_INFO = NO;
				MTL_FAST_MATH = YES;
				SDKROOT = iphoneos;
				SWIFT_COMPILATION_MODE = wholemodule;
				SWIFT_OPTIMIZATION_LEVEL = "-O";
				VALIDATE_PRODUCT = YES;
			};
			name = Release;
		};
		9D0648FF25C55019005024AD /* Debug */ = {
			isa = XCBuildConfiguration;
			buildSettings = {
				ASSETCATALOG_COMPILER_APPICON_NAME = AppIcon;
				CODE_SIGN_STYLE = Automatic;
				DEVELOPMENT_TEAM = BM7A8B955R;
				INFOPLIST_FILE = SwiftCheckFirst/Info.plist;
				LD_RUNPATH_SEARCH_PATHS = (
					"$(inherited)",
					"@executable_path/Frameworks",
				);
				PRODUCT_BUNDLE_IDENTIFIER = com.xyzw.SwiftCheckFirst;
				PRODUCT_NAME = "$(TARGET_NAME)";
				SWIFT_VERSION = 5.0;
				TARGETED_DEVICE_FAMILY = "1,2";
			};
			name = Debug;
		};
		9D06490025C55019005024AD /* Release */ = {
			isa = XCBuildConfiguration;
			buildSettings = {
				ASSETCATALOG_COMPILER_APPICON_NAME = AppIcon;
				CODE_SIGN_STYLE = Automatic;
				DEVELOPMENT_TEAM = BM7A8B955R;
				INFOPLIST_FILE = SwiftCheckFirst/Info.plist;
				LD_RUNPATH_SEARCH_PATHS = (
					"$(inherited)",
					"@executable_path/Frameworks",
				);
				PRODUCT_BUNDLE_IDENTIFIER = com.xyzw.SwiftCheckFirst;
				PRODUCT_NAME = "$(TARGET_NAME)";
				SWIFT_VERSION = 5.0;
				TARGETED_DEVICE_FAMILY = "1,2";
			};
			name = Release;
		};
		9D06490225C55019005024AD /* Debug */ = {
			isa = XCBuildConfiguration;
			buildSettings = {
				ALWAYS_EMBED_SWIFT_STANDARD_LIBRARIES = YES;
				BUNDLE_LOADER = "$(TEST_HOST)";
				CODE_SIGN_STYLE = Automatic;
				DEVELOPMENT_TEAM = BM7A8B955R;
				INFOPLIST_FILE = SwiftCheckFirstTests/Info.plist;
				IPHONEOS_DEPLOYMENT_TARGET = 13.2;
				LD_RUNPATH_SEARCH_PATHS = (
					"$(inherited)",
					"@executable_path/Frameworks",
					"@loader_path/Frameworks",
				);
				PRODUCT_BUNDLE_IDENTIFIER = com.xyzw.SwiftCheckFirstTests;
				PRODUCT_NAME = "$(TARGET_NAME)";
				SWIFT_VERSION = 5.0;
				TARGETED_DEVICE_FAMILY = "1,2";
				TEST_HOST = "$(BUILT_PRODUCTS_DIR)/SwiftCheckFirst.app/SwiftCheckFirst";
			};
			name = Debug;
		};
		9D06490325C55019005024AD /* Release */ = {
			isa = XCBuildConfiguration;
			buildSettings = {
				ALWAYS_EMBED_SWIFT_STANDARD_LIBRARIES = YES;
				BUNDLE_LOADER = "$(TEST_HOST)";
				CODE_SIGN_STYLE = Automatic;
				DEVELOPMENT_TEAM = BM7A8B955R;
				INFOPLIST_FILE = SwiftCheckFirstTests/Info.plist;
				IPHONEOS_DEPLOYMENT_TARGET = 13.2;
				LD_RUNPATH_SEARCH_PATHS = (
					"$(inherited)",
					"@executable_path/Frameworks",
					"@loader_path/Frameworks",
				);
				PRODUCT_BUNDLE_IDENTIFIER = com.xyzw.SwiftCheckFirstTests;
				PRODUCT_NAME = "$(TARGET_NAME)";
				SWIFT_VERSION = 5.0;
				TARGETED_DEVICE_FAMILY = "1,2";
				TEST_HOST = "$(BUILT_PRODUCTS_DIR)/SwiftCheckFirst.app/SwiftCheckFirst";
			};
			name = Release;
		};
		9D06490525C55019005024AD /* Debug */ = {
			isa = XCBuildConfiguration;
			buildSettings = {
				ALWAYS_EMBED_SWIFT_STANDARD_LIBRARIES = YES;
				CODE_SIGN_STYLE = Automatic;
				DEVELOPMENT_TEAM = BM7A8B955R;
				INFOPLIST_FILE = SwiftCheckFirstUITests/Info.plist;
				LD_RUNPATH_SEARCH_PATHS = (
					"$(inherited)",
					"@executable_path/Frameworks",
					"@loader_path/Frameworks",
				);
				PRODUCT_BUNDLE_IDENTIFIER = com.xyzw.SwiftCheckFirstUITests;
				PRODUCT_NAME = "$(TARGET_NAME)";
				SWIFT_VERSION = 5.0;
				TARGETED_DEVICE_FAMILY = "1,2";
				TEST_TARGET_NAME = SwiftCheckFirst;
			};
			name = Debug;
		};
		9D06490625C55019005024AD /* Release */ = {
			isa = XCBuildConfiguration;
			buildSettings = {
				ALWAYS_EMBED_SWIFT_STANDARD_LIBRARIES = YES;
				CODE_SIGN_STYLE = Automatic;
				DEVELOPMENT_TEAM = BM7A8B955R;
				INFOPLIST_FILE = SwiftCheckFirstUITests/Info.plist;
				LD_RUNPATH_SEARCH_PATHS = (
					"$(inherited)",
					"@executable_path/Frameworks",
					"@loader_path/Frameworks",
				);
				PRODUCT_BUNDLE_IDENTIFIER = com.xyzw.SwiftCheckFirstUITests;
				PRODUCT_NAME = "$(TARGET_NAME)";
				SWIFT_VERSION = 5.0;
				TARGETED_DEVICE_FAMILY = "1,2";
				TEST_TARGET_NAME = SwiftCheckFirst;
			};
			name = Release;
		};
/* End XCBuildConfiguration section */

/* Begin XCConfigurationList section */
		9D0648CF25C55015005024AD /* Build configuration list for PBXProject "SwiftCheckFirst" */ = {
			isa = XCConfigurationList;
			buildConfigurations = (
				9D0648FC25C55019005024AD /* Debug */,
				9D0648FD25C55019005024AD /* Release */,
			);
			defaultConfigurationIsVisible = 0;
			defaultConfigurationName = Release;
		};
		9D0648FE25C55019005024AD /* Build configuration list for PBXNativeTarget "SwiftCheckFirst" */ = {
			isa = XCConfigurationList;
			buildConfigurations = (
				9D0648FF25C55019005024AD /* Debug */,
				9D06490025C55019005024AD /* Release */,
			);
			defaultConfigurationIsVisible = 0;
			defaultConfigurationName = Release;
		};
		9D06490125C55019005024AD /* Build configuration list for PBXNativeTarget "SwiftCheckFirstTests" */ = {
			isa = XCConfigurationList;
			buildConfigurations = (
				9D06490225C55019005024AD /* Debug */,
				9D06490325C55019005024AD /* Release */,
			);
			defaultConfigurationIsVisible = 0;
			defaultConfigurationName = Release;
		};
		9D06490425C55019005024AD /* Build configuration list for PBXNativeTarget "SwiftCheckFirstUITests" */ = {
			isa = XCConfigurationList;
			buildConfigurations = (
				9D06490525C55019005024AD /* Debug */,
				9D06490625C55019005024AD /* Release */,
			);
			defaultConfigurationIsVisible = 0;
			defaultConfigurationName = Release;
		};
/* End XCConfigurationList section */
	};
	rootObject = 9D0648CC25C55015005024AD /* Project object */;
}
